
Microsoft Visual Studio Solution File, Format Version 12.00
# Visual Studio Version 17
VisualStudioVersion = 17.9.34728.123
MinimumVisualStudioVersion = 10.0.40219.1
Project("{FAE04EC0-301F-11D3-BF4B-00C04F79EFBC}") = "SimulationWPF", "SimulationWPF\SimulationWPF.csproj", "{4E4E648B-74EF-46EC-90A5-60408B9B1445}"
EndProject
Global
	GlobalSection(SolutionConfigurationPlatforms) = preSolution
		Debug|Any CPU = Debug|Any CPU
		Release|Any CPU = Release|Any CPU
	EndGlobalSection
	GlobalSection(ProjectConfigurationPlatforms) = postSolution
		{4E4E648B-74EF-46EC-90A5-60408B9B1445}.Debug|Any CPU.ActiveCfg = Debug|Any CPU
		{4E4E648B-74EF-46EC-90A5-60408B9B1445}.Debug|Any CPU.Build.0 = Debug|Any CPU
		{4E4E648B-74EF-46EC-90A5-60408B9B1445}.Release|Any CPU.ActiveCfg = Release|Any CPU
		{4E4E648B-74EF-46EC-90A5-60408B9B1445}.Release|Any CPU.Build.0 = Release|Any CPU
	EndGlobalSection
	GlobalSection(SolutionProperties) = preSolution
		HideSolutionNode = FALSE
	EndGlobalSection
	GlobalSection(ExtensibilityGlobals) = postSolution
		SolutionGuid = {975E5EC4-C3CF-4493-986E-3F4C096C9996}
	EndGlobalSection
EndGlobal
